
Microsoft Visual Studio Solution File, Format Version 12.00
# Visual Studio Version 17
VisualStudioVersion = 17.9.34723.18
MinimumVisualStudioVersion = 10.0.40219.1
Project("{9A19103F-16F7-4668-BE54-9A1E7A4F7556}") = "TheUltiKit", "TheUltiKit.csproj", "{AA1EA083-0E2A-47ED-B3E0-17FC1274AA93}"
EndProject
Global
	GlobalSection(SolutionConfigurationPlatforms) = preSolution
		Debug|Any CPU = Debug|Any CPU
		Release|Any CPU = Release|Any CPU
	EndGlobalSection
	GlobalSection(ProjectConfigurationPlatforms) = postSolution
		{AA1EA083-0E2A-47ED-B3E0-17FC1274AA93}.Debug|Any CPU.ActiveCfg = Debug|Any CPU
		{AA1EA083-0E2A-47ED-B3E0-17FC1274AA93}.Debug|Any CPU.Build.0 = Debug|Any CPU
		{AA1EA083-0E2A-47ED-B3E0-17FC1274AA93}.Release|Any CPU.ActiveCfg = Release|Any CPU
		{AA1EA083-0E2A-47ED-B3E0-17FC1274AA93}.Release|Any CPU.Build.0 = Release|Any CPU
	EndGlobalSection
	GlobalSection(SolutionProperties) = preSolution
		HideSolutionNode = FALSE
	EndGlobalSection
	GlobalSection(ExtensibilityGlobals) = postSolution
		SolutionGuid = {5DAB1F0B-AFF8-4E1C-8C92-014D712D4FD7}
	EndGlobalSection
EndGlobal
